
Microsoft Visual Studio Solution File, Format Version 12.00
# Visual Studio Version 17
VisualStudioVersion = 17.11.35303.130
MinimumVisualStudioVersion = 10.0.40219.1
Project("{2150E333-8FDC-42A3-9474-1A3956D46DE8}") = "Task0", "Task0", "{A712FEA6-1ED0-4746-9355-5150CFD87556}"
EndProject
Project("{9A19103F-16F7-4668-BE54-9A1E7A4F7556}") = "Tyuiu.UhalovAK.Sprint2.Task0.V7", "Tyuiu.UhalovAK.Sprint2.Task0.V7\Tyuiu.UhalovAK.Sprint2.Task0.V7.csproj", "{30DEFCD3-0295-462E-B0DA-8DDF690E0E8A}"
EndProject
Project("{9A19103F-16F7-4668-BE54-9A1E7A4F7556}") = "Tyuiu.UhalovAK.Sprint2.Task0.V7.Test", "Tyuiu.UhalovAK.Sprint2.Task0.V7.Test\Tyuiu.UhalovAK.Sprint2.Task0.V7.Test.csproj", "{BE8583B2-DB42-4A7C-A45B-1DF8BA9D3546}"
EndProject
Project("{FAE04EC0-301F-11D3-BF4B-00C04F79EFBC}") = "Tyuiu.UhalovAK.Sprint2.Task0.V7.Lib", "Tyuiu.UhalovAK.Sprint2.Task0.V7.Lib\Tyuiu.UhalovAK.Sprint2.Task0.V7.Lib.csproj", "{EC920313-483B-438B-8C40-05F558505158}"
EndProject
Project("{2150E333-8FDC-42A3-9474-1A3956D46DE8}") = "Task1", "Task1", "{AAFFFBA1-8CAC-41E0-8F77-F73A9E5D31EB}"
EndProject
Project("{FAE04EC0-301F-11D3-BF4B-00C04F79EFBC}") = "Tyuiu.UhalovAK.Sprint2.Task1.V29", "Tyuiu.UhalovAK.Sprint2.Task1.V29\Tyuiu.UhalovAK.Sprint2.Task1.V29.csproj", "{C605590E-55C6-484B-86B5-22EBF62C4023}"
EndProject
Project("{FAE04EC0-301F-11D3-BF4B-00C04F79EFBC}") = "Tyuiu.UhalovAK.Sprint2.Task1.V29.Lib", "Tyuiu.UhalovAK.Sprint2.Task1.V29.Lib\Tyuiu.UhalovAK.Sprint2.Task1.V29.Lib.csproj", "{28AE7C27-6DC2-4A16-8228-0AD94E24BA42}"
EndProject
Project("{FAE04EC0-301F-11D3-BF4B-00C04F79EFBC}") = "Tyuiu.UhalovAK.Sprint2.Task1.V29.Test", "Tyuiu.UhalovAK.Sprint2.Task1.V29.Test\Tyuiu.UhalovAK.Sprint2.Task1.V29.Test.csproj", "{19DB2BB0-E624-4E16-8F95-772FE3EA074D}"
EndProject
Project("{2150E333-8FDC-42A3-9474-1A3956D46DE8}") = "Task2", "Task2", "{B8DD6B4D-0DC5-4C64-A132-304B81220EF1}"
EndProject
Project("{FAE04EC0-301F-11D3-BF4B-00C04F79EFBC}") = "Tyuiu.UhalovAK.Sprint2.Task2.V25", "Tyuiu.UhalovAK.Sprint2.Task2.V25\Tyuiu.UhalovAK.Sprint2.Task2.V25.csproj", "{C2EE5FC0-DE28-44FB-8A52-7ED714767674}"
EndProject
Project("{FAE04EC0-301F-11D3-BF4B-00C04F79EFBC}") = "Tyuiu.UhalovAK.Sprint2.Task2.V25.Lib", "Tyuiu.UhalovAK.Sprint2.Task2.V25.Lib\Tyuiu.UhalovAK.Sprint2.Task2.V25.Lib.csproj", "{F456CF58-9627-4871-9EAE-A8EAD5A95F19}"
EndProject
Project("{FAE04EC0-301F-11D3-BF4B-00C04F79EFBC}") = "Tyuiu.UhalovAK.Sprint2.Task2.V25.Test", "Tyuiu.UhalovAK.Sprint2.Task2.V25.Test\Tyuiu.UhalovAK.Sprint2.Task2.V25.Test.csproj", "{6899C074-E3ED-4F55-B2CC-067C824CC7E0}"
EndProject
Project("{2150E333-8FDC-42A3-9474-1A3956D46DE8}") = "Task3", "Task3", "{7407AF08-CC82-492E-87BC-8DBFD835C63F}"
EndProject
Project("{FAE04EC0-301F-11D3-BF4B-00C04F79EFBC}") = "Tyuiu.UhalovAK.Sprint2.Task3.V8", "Tyuiu.UhalovAK.Sprint2.Task3.V8\Tyuiu.UhalovAK.Sprint2.Task3.V8.csproj", "{B69EB151-E156-47EA-BCCD-D052EB6A95E1}"
EndProject
Project("{FAE04EC0-301F-11D3-BF4B-00C04F79EFBC}") = "Tyuiu.UhalovAK.Sprint2.Task3.V8.Lib", "Tyuiu.UhalovAK.Sprint2.Task3.V8.Lib\Tyuiu.UhalovAK.Sprint2.Task3.V8.Lib.csproj", "{82041C97-1D6A-41EB-9DA5-8BB981426002}"
EndProject
Project("{FAE04EC0-301F-11D3-BF4B-00C04F79EFBC}") = "Tyuiu.UhalovAK.Sprint2.Task3.V8.Test", "Tyuiu.UhalovAK.Sprint2.Task3.V8.Test\Tyuiu.UhalovAK.Sprint2.Task3.V8.Test.csproj", "{BF20C173-CC14-4598-82EB-7FE5563EBD86}"
EndProject
Project("{2150E333-8FDC-42A3-9474-1A3956D46DE8}") = "Task4", "Task4", "{8AC106A8-A7D2-4EEC-9E89-5990ACDA2103}"
EndProject
Project("{FAE04EC0-301F-11D3-BF4B-00C04F79EFBC}") = "Tyuiu.UhalovAK.Sprint2.Task4.V5", "Tyuiu.UhalovAK.Sprint2.Task4.V5\Tyuiu.UhalovAK.Sprint2.Task4.V5.csproj", "{B3A90FA9-836A-4ED3-9641-E79745366C43}"
EndProject
Project("{FAE04EC0-301F-11D3-BF4B-00C04F79EFBC}") = "Tyuiu.UhalovAK.Sprint2.Task4.V5.Lib", "Tyuiu.UhalovAK.Sprint2.Task4.V5.Lib\Tyuiu.UhalovAK.Sprint2.Task4.V5.Lib.csproj", "{83852F80-9C17-45A7-9E7E-72380EB93B82}"
EndProject
Project("{FAE04EC0-301F-11D3-BF4B-00C04F79EFBC}") = "Tyuiu.UhalovAK.Sprint2.Task4.V5.Test", "Tyuiu.UhalovAK.Sprint2.Task4.V5.Test\Tyuiu.UhalovAK.Sprint2.Task4.V5.Test.csproj", "{0632FB85-890A-4CD6-AD58-0D0633A295C3}"
EndProject
Project("{2150E333-8FDC-42A3-9474-1A3956D46DE8}") = "Task5", "Task5", "{C3413E73-4789-4E0E-943C-E7591177DBF0}"
EndProject
Project("{FAE04EC0-301F-11D3-BF4B-00C04F79EFBC}") = "Tyuiu.UhalovAK.Sprint2.Task5.V12", "Tyuiu.UhalovAK.Sprint2.Task5.V12\Tyuiu.UhalovAK.Sprint2.Task5.V12.csproj", "{594084FE-E056-4B28-A95F-60427E1CC3B3}"
EndProject
Project("{FAE04EC0-301F-11D3-BF4B-00C04F79EFBC}") = "Tyuiu.UhalovAK.Sprint2.Task5.V12.Lib", "Tyuiu.UhalovAK.Sprint2.Task5.V12.Lib\Tyuiu.UhalovAK.Sprint2.Task5.V12.Lib.csproj", "{CE2B4680-C059-4331-A0F8-94001404DD32}"
EndProject
Project("{FAE04EC0-301F-11D3-BF4B-00C04F79EFBC}") = "Tyuiu.UhalovAK.Sprint2.Task5.V12.Test", "Tyuiu.UhalovAK.Sprint2.Task5.V12.Test\Tyuiu.UhalovAK.Sprint2.Task5.V12.Test.csproj", "{AD0668FD-BF39-42CB-8B14-CEB41FE81C76}"
EndProject
Project("{2150E333-8FDC-42A3-9474-1A3956D46DE8}") = "Task6", "Task6", "{0F948821-156F-4968-8B67-403B95645DCF}"
EndProject
Project("{FAE04EC0-301F-11D3-BF4B-00C04F79EFBC}") = "Tyuiu.UhalovAK.Sprint2.Task6.V3", "Tyuiu.UhalovAK.Sprint2.Task6.V3\Tyuiu.UhalovAK.Sprint2.Task6.V3.csproj", "{24889B39-906A-4C7D-972C-3CAA264177C4}"
EndProject
Project("{FAE04EC0-301F-11D3-BF4B-00C04F79EFBC}") = "Tyuiu.UhalovAK.Sprint2.Task6.V3.Lib", "Tyuiu.UhalovAK.Sprint2.Task6.V3.Lib\Tyuiu.UhalovAK.Sprint2.Task6.V3.Lib.csproj", "{E0C33B5B-EBE6-4449-AD67-AF2AEBA97D93}"
EndProject
Project("{FAE04EC0-301F-11D3-BF4B-00C04F79EFBC}") = "Tyuiu.UhalovAK.Sprint2.Task6.V3.Test", "Tyuiu.UhalovAK.Sprint2.Task6.V3.Test\Tyuiu.UhalovAK.Sprint2.Task6.V3.Test.csproj", "{310C3F0D-7086-4983-B2F5-4E31D6505FA9}"
EndProject
Global
	GlobalSection(SolutionConfigurationPlatforms) = preSolution
		Debug|Any CPU = Debug|Any CPU
		Release|Any CPU = Release|Any CPU
	EndGlobalSection
	GlobalSection(ProjectConfigurationPlatforms) = postSolution
		{30DEFCD3-0295-462E-B0DA-8DDF690E0E8A}.Debug|Any CPU.ActiveCfg = Debug|Any CPU
		{30DEFCD3-0295-462E-B0DA-8DDF690E0E8A}.Debug|Any CPU.Build.0 = Debug|Any CPU
		{30DEFCD3-0295-462E-B0DA-8DDF690E0E8A}.Release|Any CPU.ActiveCfg = Release|Any CPU
		{30DEFCD3-0295-462E-B0DA-8DDF690E0E8A}.Release|Any CPU.Build.0 = Release|Any CPU
		{BE8583B2-DB42-4A7C-A45B-1DF8BA9D3546}.Debug|Any CPU.ActiveCfg = Debug|Any CPU
		{BE8583B2-DB42-4A7C-A45B-1DF8BA9D3546}.Debug|Any CPU.Build.0 = Debug|Any CPU
		{BE8583B2-DB42-4A7C-A45B-1DF8BA9D3546}.Release|Any CPU.ActiveCfg = Release|Any CPU
		{BE8583B2-DB42-4A7C-A45B-1DF8BA9D3546}.Release|Any CPU.Build.0 = Release|Any CPU
		{EC920313-483B-438B-8C40-05F558505158}.Debug|Any CPU.ActiveCfg = Debug|Any CPU
		{EC920313-483B-438B-8C40-05F558505158}.Debug|Any CPU.Build.0 = Debug|Any CPU
		{EC920313-483B-438B-8C40-05F558505158}.Release|Any CPU.ActiveCfg = Release|Any CPU
		{EC920313-483B-438B-8C40-05F558505158}.Release|Any CPU.Build.0 = Release|Any CPU
		{C605590E-55C6-484B-86B5-22EBF62C4023}.Debug|Any CPU.ActiveCfg = Debug|Any CPU
		{C605590E-55C6-484B-86B5-22EBF62C4023}.Debug|Any CPU.Build.0 = Debug|Any CPU
		{C605590E-55C6-484B-86B5-22EBF62C4023}.Release|Any CPU.ActiveCfg = Release|Any CPU
		{C605590E-55C6-484B-86B5-22EBF62C4023}.Release|Any CPU.Build.0 = Release|Any CPU
		{28AE7C27-6DC2-4A16-8228-0AD94E24BA42}.Debug|Any CPU.ActiveCfg = Debug|Any CPU
		{28AE7C27-6DC2-4A16-8228-0AD94E24BA42}.Debug|Any CPU.Build.0 = Debug|Any CPU
		{28AE7C27-6DC2-4A16-8228-0AD94E24BA42}.Release|Any CPU.ActiveCfg = Release|Any CPU
		{28AE7C27-6DC2-4A16-8228-0AD94E24BA42}.Release|Any CPU.Build.0 = Release|Any CPU
		{19DB2BB0-E624-4E16-8F95-772FE3EA074D}.Debug|Any CPU.ActiveCfg = Debug|Any CPU
		{19DB2BB0-E624-4E16-8F95-772FE3EA074D}.Debug|Any CPU.Build.0 = Debug|Any CPU
		{19DB2BB0-E624-4E16-8F95-772FE3EA074D}.Release|Any CPU.ActiveCfg = Release|Any CPU
		{19DB2BB0-E624-4E16-8F95-772FE3EA074D}.Release|Any CPU.Build.0 = Release|Any CPU
		{C2EE5FC0-DE28-44FB-8A52-7ED714767674}.Debug|Any CPU.ActiveCfg = Debug|Any CPU
		{C2EE5FC0-DE28-44FB-8A52-7ED714767674}.Debug|Any CPU.Build.0 = Debug|Any CPU
		{C2EE5FC0-DE28-44FB-8A52-7ED714767674}.Release|Any CPU.ActiveCfg = Release|Any CPU
		{C2EE5FC0-DE28-44FB-8A52-7ED714767674}.Release|Any CPU.Build.0 = Release|Any CPU
		{F456CF58-9627-4871-9EAE-A8EAD5A95F19}.Debug|Any CPU.ActiveCfg = Debug|Any CPU
		{F456CF58-9627-4871-9EAE-A8EAD5A95F19}.Debug|Any CPU.Build.0 = Debug|Any CPU
		{F456CF58-9627-4871-9EAE-A8EAD5A95F19}.Release|Any CPU.ActiveCfg = Release|Any CPU
		{F456CF58-9627-4871-9EAE-A8EAD5A95F19}.Release|Any CPU.Build.0 = Release|Any CPU
		{6899C074-E3ED-4F55-B2CC-067C824CC7E0}.Debug|Any CPU.ActiveCfg = Debug|Any CPU
		{6899C074-E3ED-4F55-B2CC-067C824CC7E0}.Debug|Any CPU.Build.0 = Debug|Any CPU
		{6899C074-E3ED-4F55-B2CC-067C824CC7E0}.Release|Any CPU.ActiveCfg = Release|Any CPU
		{6899C074-E3ED-4F55-B2CC-067C824CC7E0}.Release|Any CPU.Build.0 = Release|Any CPU
		{B69EB151-E156-47EA-BCCD-D052EB6A95E1}.Debug|Any CPU.ActiveCfg = Debug|Any CPU
		{B69EB151-E156-47EA-BCCD-D052EB6A95E1}.Debug|Any CPU.Build.0 = Debug|Any CPU
		{B69EB151-E156-47EA-BCCD-D052EB6A95E1}.Release|Any CPU.ActiveCfg = Release|Any CPU
		{B69EB151-E156-47EA-BCCD-D052EB6A95E1}.Release|Any CPU.Build.0 = Release|Any CPU
		{82041C97-1D6A-41EB-9DA5-8BB981426002}.Debug|Any CPU.ActiveCfg = Debug|Any CPU
		{82041C97-1D6A-41EB-9DA5-8BB981426002}.Debug|Any CPU.Build.0 = Debug|Any CPU
		{82041C97-1D6A-41EB-9DA5-8BB981426002}.Release|Any CPU.ActiveCfg = Release|Any CPU
		{82041C97-1D6A-41EB-9DA5-8BB981426002}.Release|Any CPU.Build.0 = Release|Any CPU
		{BF20C173-CC14-4598-82EB-7FE5563EBD86}.Debug|Any CPU.ActiveCfg = Debug|Any CPU
		{BF20C173-CC14-4598-82EB-7FE5563EBD86}.Debug|Any CPU.Build.0 = Debug|Any CPU
		{BF20C173-CC14-4598-82EB-7FE5563EBD86}.Release|Any CPU.ActiveCfg = Release|Any CPU
		{BF20C173-CC14-4598-82EB-7FE5563EBD86}.Release|Any CPU.Build.0 = Release|Any CPU
		{B3A90FA9-836A-4ED3-9641-E79745366C43}.Debug|Any CPU.ActiveCfg = Debug|Any CPU
		{B3A90FA9-836A-4ED3-9641-E79745366C43}.Debug|Any CPU.Build.0 = Debug|Any CPU
		{B3A90FA9-836A-4ED3-9641-E79745366C43}.Release|Any CPU.ActiveCfg = Release|Any CPU
		{B3A90FA9-836A-4ED3-9641-E79745366C43}.Release|Any CPU.Build.0 = Release|Any CPU
		{83852F80-9C17-45A7-9E7E-72380EB93B82}.Debug|Any CPU.ActiveCfg = Debug|Any CPU
		{83852F80-9C17-45A7-9E7E-72380EB93B82}.Debug|Any CPU.Build.0 = Debug|Any CPU
		{83852F80-9C17-45A7-9E7E-72380EB93B82}.Release|Any CPU.ActiveCfg = Release|Any CPU
		{83852F80-9C17-45A7-9E7E-72380EB93B82}.Release|Any CPU.Build.0 = Release|Any CPU
		{0632FB85-890A-4CD6-AD58-0D0633A295C3}.Debug|Any CPU.ActiveCfg = Debug|Any CPU
		{0632FB85-890A-4CD6-AD58-0D0633A295C3}.Debug|Any CPU.Build.0 = Debug|Any CPU
		{0632FB85-890A-4CD6-AD58-0D0633A295C3}.Release|Any CPU.ActiveCfg = Release|Any CPU
		{0632FB85-890A-4CD6-AD58-0D0633A295C3}.Release|Any CPU.Build.0 = Release|Any CPU
		{594084FE-E056-4B28-A95F-60427E1CC3B3}.Debug|Any CPU.ActiveCfg = Debug|Any CPU
		{594084FE-E056-4B28-A95F-60427E1CC3B3}.Debug|Any CPU.Build.0 = Debug|Any CPU
		{594084FE-E056-4B28-A95F-60427E1CC3B3}.Release|Any CPU.ActiveCfg = Release|Any CPU
		{594084FE-E056-4B28-A95F-60427E1CC3B3}.Release|Any CPU.Build.0 = Release|Any CPU
		{CE2B4680-C059-4331-A0F8-94001404DD32}.Debug|Any CPU.ActiveCfg = Debug|Any CPU
		{CE2B4680-C059-4331-A0F8-94001404DD32}.Debug|Any CPU.Build.0 = Debug|Any CPU
		{CE2B4680-C059-4331-A0F8-94001404DD32}.Release|Any CPU.ActiveCfg = Release|Any CPU
		{CE2B4680-C059-4331-A0F8-94001404DD32}.Release|Any CPU.Build.0 = Release|Any CPU
		{AD0668FD-BF39-42CB-8B14-CEB41FE81C76}.Debug|Any CPU.ActiveCfg = Debug|Any CPU
		{AD0668FD-BF39-42CB-8B14-CEB41FE81C76}.Debug|Any CPU.Build.0 = Debug|Any CPU
		{AD0668FD-BF39-42CB-8B14-CEB41FE81C76}.Release|Any CPU.ActiveCfg = Release|Any CPU
		{AD0668FD-BF39-42CB-8B14-CEB41FE81C76}.Release|Any CPU.Build.0 = Release|Any CPU
		{24889B39-906A-4C7D-972C-3CAA264177C4}.Debug|Any CPU.ActiveCfg = Debug|Any CPU
		{24889B39-906A-4C7D-972C-3CAA264177C4}.Debug|Any CPU.Build.0 = Debug|Any CPU
		{24889B39-906A-4C7D-972C-3CAA264177C4}.Release|Any CPU.ActiveCfg = Release|Any CPU
		{24889B39-906A-4C7D-972C-3CAA264177C4}.Release|Any CPU.Build.0 = Release|Any CPU
		{E0C33B5B-EBE6-4449-AD67-AF2AEBA97D93}.Debug|Any CPU.ActiveCfg = Debug|Any CPU
		{E0C33B5B-EBE6-4449-AD67-AF2AEBA97D93}.Debug|Any CPU.Build.0 = Debug|Any CPU
		{E0C33B5B-EBE6-4449-AD67-AF2AEBA97D93}.Release|Any CPU.ActiveCfg = Release|Any CPU
		{E0C33B5B-EBE6-4449-AD67-AF2AEBA97D93}.Release|Any CPU.Build.0 = Release|Any CPU
		{310C3F0D-7086-4983-B2F5-4E31D6505FA9}.Debug|Any CPU.ActiveCfg = Debug|Any CPU
		{310C3F0D-7086-4983-B2F5-4E31D6505FA9}.Debug|Any CPU.Build.0 = Debug|Any CPU
		{310C3F0D-7086-4983-B2F5-4E31D6505FA9}.Release|Any CPU.ActiveCfg = Release|Any CPU
		{310C3F0D-7086-4983-B2F5-4E31D6505FA9}.Release|Any CPU.Build.0 = Release|Any CPU
	EndGlobalSection
	GlobalSection(SolutionProperties) = preSolution
		HideSolutionNode = FALSE
	EndGlobalSection
	GlobalSection(NestedProjects) = preSolution
		{30DEFCD3-0295-462E-B0DA-8DDF690E0E8A} = {A712FEA6-1ED0-4746-9355-5150CFD87556}
		{BE8583B2-DB42-4A7C-A45B-1DF8BA9D3546} = {A712FEA6-1ED0-4746-9355-5150CFD87556}
		{EC920313-483B-438B-8C40-05F558505158} = {A712FEA6-1ED0-4746-9355-5150CFD87556}
		{C605590E-55C6-484B-86B5-22EBF62C4023} = {AAFFFBA1-8CAC-41E0-8F77-F73A9E5D31EB}
		{28AE7C27-6DC2-4A16-8228-0AD94E24BA42} = {AAFFFBA1-8CAC-41E0-8F77-F73A9E5D31EB}
		{19DB2BB0-E624-4E16-8F95-772FE3EA074D} = {AAFFFBA1-8CAC-41E0-8F77-F73A9E5D31EB}
		{C2EE5FC0-DE28-44FB-8A52-7ED714767674} = {B8DD6B4D-0DC5-4C64-A132-304B81220EF1}
		{F456CF58-9627-4871-9EAE-A8EAD5A95F19} = {B8DD6B4D-0DC5-4C64-A132-304B81220EF1}
		{6899C074-E3ED-4F55-B2CC-067C824CC7E0} = {B8DD6B4D-0DC5-4C64-A132-304B81220EF1}
		{B69EB151-E156-47EA-BCCD-D052EB6A95E1} = {7407AF08-CC82-492E-87BC-8DBFD835C63F}
		{82041C97-1D6A-41EB-9DA5-8BB981426002} = {7407AF08-CC82-492E-87BC-8DBFD835C63F}
		{BF20C173-CC14-4598-82EB-7FE5563EBD86} = {7407AF08-CC82-492E-87BC-8DBFD835C63F}
		{B3A90FA9-836A-4ED3-9641-E79745366C43} = {8AC106A8-A7D2-4EEC-9E89-5990ACDA2103}
		{83852F80-9C17-45A7-9E7E-72380EB93B82} = {8AC106A8-A7D2-4EEC-9E89-5990ACDA2103}
		{0632FB85-890A-4CD6-AD58-0D0633A295C3} = {8AC106A8-A7D2-4EEC-9E89-5990ACDA2103}
		{594084FE-E056-4B28-A95F-60427E1CC3B3} = {C3413E73-4789-4E0E-943C-E7591177DBF0}
		{CE2B4680-C059-4331-A0F8-94001404DD32} = {C3413E73-4789-4E0E-943C-E7591177DBF0}
		{AD0668FD-BF39-42CB-8B14-CEB41FE81C76} = {C3413E73-4789-4E0E-943C-E7591177DBF0}
		{24889B39-906A-4C7D-972C-3CAA264177C4} = {0F948821-156F-4968-8B67-403B95645DCF}
		{E0C33B5B-EBE6-4449-AD67-AF2AEBA97D93} = {0F948821-156F-4968-8B67-403B95645DCF}
		{310C3F0D-7086-4983-B2F5-4E31D6505FA9} = {0F948821-156F-4968-8B67-403B95645DCF}
	EndGlobalSection
	GlobalSection(ExtensibilityGlobals) = postSolution
		SolutionGuid = {84F0AC53-634F-4D4D-93EB-4387A9F1C0F0}
	EndGlobalSection
EndGlobal
